
Microsoft Visual Studio Solution File, Format Version 12.00
# Visual Studio 15
VisualStudioVersion = 15.0.28307.572
MinimumVisualStudioVersion = 10.0.40219.1
Project("{FAE04EC0-301F-11D3-BF4B-00C04F79EFBC}") = "Projects", "Projects\Projects.csproj", "{BCF9E045-0397-4BFF-A6D8-014B7EBE3BAD}"
EndProject
Global
	GlobalSection(SolutionConfigurationPlatforms) = preSolution
		Debug|Any CPU = Debug|Any CPU
		Release|Any CPU = Release|Any CPU
	EndGlobalSection
	GlobalSection(ProjectConfigurationPlatforms) = postSolution
		{BCF9E045-0397-4BFF-A6D8-014B7EBE3BAD}.Debug|Any CPU.ActiveCfg = Debug|Any CPU
		{BCF9E045-0397-4BFF-A6D8-014B7EBE3BAD}.Debug|Any CPU.Build.0 = Debug|Any CPU
		{BCF9E045-0397-4BFF-A6D8-014B7EBE3BAD}.Release|Any CPU.ActiveCfg = Release|Any CPU
		{BCF9E045-0397-4BFF-A6D8-014B7EBE3BAD}.Release|Any CPU.Build.0 = Release|Any CPU
	EndGlobalSection
	GlobalSection(SolutionProperties) = preSolution
		HideSolutionNode = FALSE
	EndGlobalSection
	GlobalSection(ExtensibilityGlobals) = postSolution
		SolutionGuid = {175BB672-4550-42CC-8349-4BE5719B4F8D}
	EndGlobalSection
EndGlobal
